{
  "name": "career-agent-api",
  "lockfileVersion": 3,
  "requires": true,
  "packages": {
    "": {
      "name": "career-agent-api",
      "dependencies": {
        "openai": "^6.35.0"
      },
      "engines": {
        "node": ">=18"
      }
    },
    "node_modules/openai": {
      "version": "6.35.0",
      "resolved": "https://registry.npmjs.org/openai/-/openai-6.35.0.tgz",
      "integrity": "sha512-L/skwIGnt5xQZHb0UfTu9uAUKbis3ehKypOuJKi20QvG7UStV6C8IC3myGYHcdiF4kms/bAvOJ9UqqNWqi8x/Q==",
      "license": "Apache-2.0",
      "bin": {
        "openai": "bin/cli"
      },
      "peerDependencies": {
        "ws": "^8.18.0",
        "zod": "^3.25 || ^4.0"
      },
      "peerDependenciesMeta": {
        "ws": {
          "optional": true
        },
        "zod": {
          "optional": true
        }
      }
    }
  }
}
